
Microsoft Visual Studio Solution File, Format Version 12.00
# Visual Studio Version 17
VisualStudioVersion = 17.4.33213.308
MinimumVisualStudioVersion = 10.0.40219.1
Project("{FAE04EC0-301F-11D3-BF4B-00C04F79EFBC}") = "GenericsTestMaximum", "GenericsTestMaximum\GenericsTestMaximum.csproj", "{475D02F4-853A-4077-94A6-2FA855B6EF6E}"
EndProject
Global
	GlobalSection(SolutionConfigurationPlatforms) = preSolution
		Debug|Any CPU = Debug|Any CPU
		Release|Any CPU = Release|Any CPU
	EndGlobalSection
	GlobalSection(ProjectConfigurationPlatforms) = postSolution
		{475D02F4-853A-4077-94A6-2FA855B6EF6E}.Debug|Any CPU.ActiveCfg = Debug|Any CPU
		{475D02F4-853A-4077-94A6-2FA855B6EF6E}.Debug|Any CPU.Build.0 = Debug|Any CPU
		{475D02F4-853A-4077-94A6-2FA855B6EF6E}.Release|Any CPU.ActiveCfg = Release|Any CPU
		{475D02F4-853A-4077-94A6-2FA855B6EF6E}.Release|Any CPU.Build.0 = Release|Any CPU
	EndGlobalSection
	GlobalSection(SolutionProperties) = preSolution
		HideSolutionNode = FALSE
	EndGlobalSection
	GlobalSection(ExtensibilityGlobals) = postSolution
		SolutionGuid = {1B0591D0-7B02-4F7B-B8BB-ACA3B7131C60}
	EndGlobalSection
EndGlobal
